lockfileVersion: '9.0'

settings:
  autoInstallPeers: true
  excludeLinksFromLockfile: false

importers:

  .:
    dependencies:
      '@effect/platform':
        specifier: ^0.55.1
        version: 0.55.1(@effect/schema@0.67.14(effect@3.2.5))(effect@3.2.5)
      '@effect/platform-node':
        specifier: ^0.51.1
        version: 0.51.1(@effect/platform@0.55.1(@effect/schema@0.67.14(effect@3.2.5))(effect@3.2.5))(effect@3.2.5)
      '@faker-js/faker':
        specifier: ^8.4.1
        version: 8.4.1
      effect:
        specifier: ^3.2.5
        version: 3.2.5
      h3:
        specifier: ^1.11.1
        version: 1.11.1
      struct-fakerator:
        specifier: ^1.2.5
        version: 1.2.5
    devDependencies:
      '@biomejs/biome':
        specifier: 1.7.3
        version: 1.7.3

packages:

  '@biomejs/biome@1.7.3':
    resolution: {integrity: sha512-ogFQI+fpXftr+tiahA6bIXwZ7CSikygASdqMtH07J2cUzrpjyTMVc9Y97v23c7/tL1xCZhM+W9k4hYIBm7Q6cQ==}
    engines: {node: '>=14.21.3'}
    hasBin: true

  '@biomejs/cli-darwin-arm64@1.7.3':
    resolution: {integrity: sha512-eDvLQWmGRqrPIRY7AIrkPHkQ3visEItJKkPYSHCscSDdGvKzYjmBJwG1Gu8+QC5ed6R7eiU63LEC0APFBobmfQ==}
    engines: {node: '>=14.21.3'}
    cpu: [arm64]
    os: [darwin]

  '@biomejs/cli-darwin-x64@1.7.3':
    resolution: {integrity: sha512-JXCaIseKRER7dIURsVlAJacnm8SG5I0RpxZ4ya3dudASYUc68WGl4+FEN03ABY3KMIq7hcK1tzsJiWlmXyosZg==}
    engines: {node: '>=14.21.3'}
    cpu: [x64]
    os: [darwin]

  '@biomejs/cli-linux-arm64-musl@1.7.3':
    resolution: {integrity: sha512-c8AlO45PNFZ1BYcwaKzdt46kYbuP6xPGuGQ6h4j3XiEDpyseRRUy/h+6gxj07XovmyxKnSX9GSZ6nVbZvcVUAw==}
    engines: {node: '>=14.21.3'}
    cpu: [arm64]
    os: [linux]

  '@biomejs/cli-linux-arm64@1.7.3':
    resolution: {integrity: sha512-phNTBpo7joDFastnmZsFjYcDYobLTx4qR4oPvc9tJ486Bd1SfEVPHEvJdNJrMwUQK56T+TRClOQd/8X1nnjA9w==}
    engines: {node: '>=14.21.3'}
    cpu: [arm64]
    os: [linux]

  '@biomejs/cli-linux-x64-musl@1.7.3':
    resolution: {integrity: sha512-UdEHKtYGWEX3eDmVWvQeT+z05T9/Sdt2+F/7zmMOFQ7boANeX8pcO6EkJPK3wxMudrApsNEKT26rzqK6sZRTRA==}
    engines: {node: '>=14.21.3'}
    cpu: [x64]
    os: [linux]

  '@biomejs/cli-linux-x64@1.7.3':
    resolution: {integrity: sha512-vnedYcd5p4keT3iD48oSKjOIRPYcjSNNbd8MO1bKo9ajg3GwQXZLAH+0Cvlr+eMsO67/HddWmscSQwTFrC/uPA==}
    engines: {node: '>=14.21.3'}
    cpu: [x64]
    os: [linux]

  '@biomejs/cli-win32-arm64@1.7.3':
    resolution: {integrity: sha512-unNCDqUKjujYkkSxs7gFIfdasttbDC4+z0kYmcqzRk6yWVoQBL4dNLcCbdnJS+qvVDNdI9rHp2NwpQ0WAdla4Q==}
    engines: {node: '>=14.21.3'}
    cpu: [arm64]
    os: [win32]

  '@biomejs/cli-win32-x64@1.7.3':
    resolution: {integrity: sha512-ZmByhbrnmz/UUFYB622CECwhKIPjJLLPr5zr3edhu04LzbfcOrz16VYeNq5dpO1ADG70FORhAJkaIGdaVBG00w==}
    engines: {node: '>=14.21.3'}
    cpu: [x64]
    os: [win32]

  '@effect/platform-node-shared@0.6.1':
    resolution: {integrity: sha512-Fde2hkm1Fmbq4AkGckAkd6v4FOMcnWqLJ7FQDjZBVpIdBViCv7rc8s6UkWbMvHuMBdHqOP09HSPTlwvQHr1iaQ==}
    peerDependencies:
      '@effect/platform': ^0.55.1
      effect: ^3.2.5

  '@effect/platform-node@0.51.1':
    resolution: {integrity: sha512-W64FnR3JIL72NCA/CQkOHwS3QILnryY38BL3yyrzWe0BZdaZZfdAtr3cMUgg8KnTUS6prNEBBPX56NchTRlgrg==}
    peerDependencies:
      '@effect/platform': ^0.55.1
      effect: ^3.2.5

  '@effect/platform@0.55.1':
    resolution: {integrity: sha512-m6Zr0+xKJVmxx4ir86YiPL9Zbb4jYB5s6f926XFVSJgjT4KdOXU44I8FPtewJe5tHTm2wtSkSx1BkDp4VYnaSg==}
    peerDependencies:
      '@effect/schema': ^0.67.14
      effect: ^3.2.5

  '@effect/schema@0.67.14':
    resolution: {integrity: sha512-JN3UUErMgzGV9UNI/B6gRVzJ4dyZZuy7dN1D0skm9L/0J+LP9c74ucJ8XQt8nTUmmBWSl9EnNF+BYugem3Ehug==}
    peerDependencies:
      effect: ^3.2.5

  '@faker-js/faker@8.4.1':
    resolution: {integrity: sha512-XQ3cU+Q8Uqmrbf2e0cIC/QN43sTBSC8KF12u29Mb47tWrt2hAgBXSgpZMj4Ao8Uk0iJcU99QsOCaIL8934obCg==}
    engines: {node: ^14.17.0 || ^16.13.0 || >=18.0.0, npm: '>=6.14.13'}

  '@parcel/watcher-android-arm64@2.4.1':
    resolution: {integrity: sha512-LOi/WTbbh3aTn2RYddrO8pnapixAziFl6SMxHM69r3tvdSm94JtCenaKgk1GRg5FJ5wpMCpHeW+7yqPlvZv7kg==}
    engines: {node: '>= 10.0.0'}
    cpu: [arm64]
    os: [android]

  '@parcel/watcher-darwin-arm64@2.4.1':
    resolution: {integrity: sha512-ln41eihm5YXIY043vBrrHfn94SIBlqOWmoROhsMVTSXGh0QahKGy77tfEywQ7v3NywyxBBkGIfrWRHm0hsKtzA==}
    engines: {node: '>= 10.0.0'}
    cpu: [arm64]
    os: [darwin]

  '@parcel/watcher-darwin-x64@2.4.1':
    resolution: {integrity: sha512-yrw81BRLjjtHyDu7J61oPuSoeYWR3lDElcPGJyOvIXmor6DEo7/G2u1o7I38cwlcoBHQFULqF6nesIX3tsEXMg==}
    engines: {node: '>= 10.0.0'}
    cpu: [x64]
    os: [darwin]

  '@parcel/watcher-freebsd-x64@2.4.1':
    resolution: {integrity: sha512-TJa3Pex/gX3CWIx/Co8k+ykNdDCLx+TuZj3f3h7eOjgpdKM+Mnix37RYsYU4LHhiYJz3DK5nFCCra81p6g050w==}
    engines: {node: '>= 10.0.0'}
    cpu: [x64]
    os: [freebsd]

  '@parcel/watcher-linux-arm-glibc@2.4.1':
    resolution: {integrity: sha512-4rVYDlsMEYfa537BRXxJ5UF4ddNwnr2/1O4MHM5PjI9cvV2qymvhwZSFgXqbS8YoTk5i/JR0L0JDs69BUn45YA==}
    engines: {node: '>= 10.0.0'}
    cpu: [arm]
    os: [linux]

  '@parcel/watcher-linux-arm64-glibc@2.4.1':
    resolution: {integrity: sha512-BJ7mH985OADVLpbrzCLgrJ3TOpiZggE9FMblfO65PlOCdG++xJpKUJ0Aol74ZUIYfb8WsRlUdgrZxKkz3zXWYA==}
    engines: {node: '>= 10.0.0'}
    cpu: [arm64]
    os: [linux]

  '@parcel/watcher-linux-arm64-musl@2.4.1':
    resolution: {integrity: sha512-p4Xb7JGq3MLgAfYhslU2SjoV9G0kI0Xry0kuxeG/41UfpjHGOhv7UoUDAz/jb1u2elbhazy4rRBL8PegPJFBhA==}
    engines: {node: '>= 10.0.0'}
    cpu: [arm64]
    os: [linux]

  '@parcel/watcher-linux-x64-glibc@2.4.1':
    resolution: {integrity: sha512-s9O3fByZ/2pyYDPoLM6zt92yu6P4E39a03zvO0qCHOTjxmt3GHRMLuRZEWhWLASTMSrrnVNWdVI/+pUElJBBBg==}
    engines: {node: '>= 10.0.0'}
    cpu: [x64]
    os: [linux]

  '@parcel/watcher-linux-x64-musl@2.4.1':
    resolution: {integrity: sha512-L2nZTYR1myLNST0O632g0Dx9LyMNHrn6TOt76sYxWLdff3cB22/GZX2UPtJnaqQPdCRoszoY5rcOj4oMTtp5fQ==}
    engines: {node: '>= 10.0.0'}
    cpu: [x64]
    os: [linux]

  '@parcel/watcher-win32-arm64@2.4.1':
    resolution: {integrity: sha512-Uq2BPp5GWhrq/lcuItCHoqxjULU1QYEcyjSO5jqqOK8RNFDBQnenMMx4gAl3v8GiWa59E9+uDM7yZ6LxwUIfRg==}
    engines: {node: '>= 10.0.0'}
    cpu: [arm64]
    os: [win32]

  '@parcel/watcher-win32-ia32@2.4.1':
    resolution: {integrity: sha512-maNRit5QQV2kgHFSYwftmPBxiuK5u4DXjbXx7q6eKjq5dsLXZ4FJiVvlcw35QXzk0KrUecJmuVFbj4uV9oYrcw==}
    engines: {node: '>= 10.0.0'}
    cpu: [ia32]
    os: [win32]

  '@parcel/watcher-win32-x64@2.4.1':
    resolution: {integrity: sha512-+DvS92F9ezicfswqrvIRM2njcYJbd5mb9CUgtrHCHmvn7pPPa+nMDRu1o1bYYz/l5IB2NVGNJWiH7h1E58IF2A==}
    engines: {node: '>= 10.0.0'}
    cpu: [x64]
    os: [win32]

  '@parcel/watcher@2.4.1':
    resolution: {integrity: sha512-HNjmfLQEVRZmHRET336f20H/8kOozUGwk7yajvsonjNxbj2wBTK1WsQuHkD5yYh9RxFGL2EyDHryOihOwUoKDA==}
    engines: {node: '>= 10.0.0'}

  braces@3.0.3:
    resolution: {integrity: sha512-yQbXgO/OSZVD2IsiLlro+7Hf6Q18EJrKSEsdoMzKePKXct3gvD8oLcOQdIzGupr5Fj+EDe8gO/lxc1BzfMpxvA==}
    engines: {node: '>=8'}

  consola@3.2.3:
    resolution: {integrity: sha512-I5qxpzLv+sJhTVEoLYNcTW+bThDCPsit0vLNKShZx6rLtpilNpmmeTPaeqJb9ZE9dV3DGaeby6Vuhrw38WjeyQ==}
    engines: {node: ^14.18.0 || >=16.10.0}

  cookie-es@1.1.0:
    resolution: {integrity: sha512-L2rLOcK0wzWSfSDA33YR+PUHDG10a8px7rUHKWbGLP4YfbsMed2KFUw5fczvDPbT98DDe3LEzviswl810apTEw==}

  crossws@0.2.4:
    resolution: {integrity: sha512-DAxroI2uSOgUKLz00NX6A8U/8EE3SZHmIND+10jkVSaypvyt57J5JEOxAQOL6lQxyzi/wZbTIwssU1uy69h5Vg==}
    peerDependencies:
      uWebSockets.js: '*'
    peerDependenciesMeta:
      uWebSockets.js:
        optional: true

  defu@6.1.4:
    resolution: {integrity: sha512-mEQCMmwJu317oSz8CwdIOdwf3xMif1ttiM8LTufzc3g6kR+9Pe236twL8j3IYT1F7GfRgGcW6MWxzZjLIkuHIg==}

  destr@2.0.3:
    resolution: {integrity: sha512-2N3BOUU4gYMpTP24s5rF5iP7BDr7uNTCs4ozw3kf/eKfvWSIu93GEBi5m427YoyJoeOzQ5smuu4nNAPGb8idSQ==}

  detect-libc@1.0.3:
    resolution: {integrity: sha512-pGjwhsmsp4kL2RTz08wcOlGN83otlqHeD/Z5T8GXZB+/YcpQ/dgo+lbU8ZsGxV0HIvqqxo9l7mqYwyYMD9bKDg==}
    engines: {node: '>=0.10'}
    hasBin: true

  effect@3.2.5:
    resolution: {integrity: sha512-Qs/NAX2s/ClRATbiImc4IuzzAs+1RaFzZm7zRx9NKmLFnIeCC+h2LwkrOuprG3PsDM+g1IfPEFWvVbTSDKPnFA==}

  fast-check@3.19.0:
    resolution: {integrity: sha512-CO2JX/8/PT9bDGO1iXa5h5ey1skaKI1dvecERyhH4pp3PGjwd3KIjMAXEg79Ps9nclsdt4oPbfqiAnLU0EwrAQ==}
    engines: {node: '>=8.0.0'}

  fast-decode-uri-component@1.0.1:
    resolution: {integrity: sha512-WKgKWg5eUxvRZGwW8FvfbaH7AXSh2cL+3j5fMGzUMCxWBJ3dV3a7Wz8y2f/uQ0e3B6WmodD3oS54jTQ9HVTIIg==}

  fast-querystring@1.1.2:
    resolution: {integrity: sha512-g6KuKWmFXc0fID8WWH0jit4g0AGBoJhCkJMb1RmbsSEUNvQ+ZC8D6CUZ+GtF8nMzSPXnhiePyyqqipzNNEnHjg==}

  fill-range@7.1.1:
    resolution: {integrity: sha512-YsGpe3WHLK8ZYi4tWDg2Jy3ebRz2rXowDxnld4bkQB00cc/1Zw9AWnC0i9ztDJitivtQvaI9KaLyKrc+hBW0yg==}
    engines: {node: '>=8'}

  find-my-way-ts@0.1.2:
    resolution: {integrity: sha512-AWsH49RGcyayzzxSAkwQKC1bToY5ForAfNreix88slo7wijg1wwTtCPvUUoVm/qhIY3UVSHBKApw8mOGPxsvSg==}

  h3@1.11.1:
    resolution: {integrity: sha512-AbaH6IDnZN6nmbnJOH72y3c5Wwh9P97soSVdGSBbcDACRdkC0FEWf25pzx4f/NuOCK6quHmW18yF2Wx+G4Zi1A==}

  iron-webcrypto@1.2.1:
    resolution: {integrity: sha512-feOM6FaSr6rEABp/eDfVseKyTMDt+KGpeB35SkVn9Tyn0CqvVsY3EwI0v5i8nMHyJnzCIQf7nsy3p41TPkJZhg==}

  is-extglob@2.1.1:
    resolution: {integrity: sha512-SbKbANkN603Vi4jEZv49LeVJMn4yGwsbzZworEoyEiutsN3nJYdbO36zfhGJ6QEDpOZIFkDtnq5JRxmvl3jsoQ==}
    engines: {node: '>=0.10.0'}

  is-glob@4.0.3:
    resolution: {integrity: sha512-xelSayHH36ZgE7ZWhli7pW34hNbNl8Ojv5KVmkJD4hBdD3th8Tfk9vYasLM+mXWOZhFkgZfxhLSnrwRr4elSSg==}
    engines: {node: '>=0.10.0'}

  is-number@7.0.0:
    resolution: {integrity: sha512-41Cifkg6e8TylSpdtTpeLVMqvSBEVzTttHvERD741+pnZ8ANv0004MRL43QKPDlK9cGvNp6NZWZUBlbGXYxxng==}
    engines: {node: '>=0.12.0'}

  micromatch@4.0.7:
    resolution: {integrity: sha512-LPP/3KorzCwBxfeUuZmaR6bG2kdeHSbe0P2tY3FLRU4vYrjYz5hI4QZwV0njUx3jeuKe67YukQ1LSPZBKDqO/Q==}
    engines: {node: '>=8.6'}

  mime@3.0.0:
    resolution: {integrity: sha512-jSCU7/VB1loIWBZe14aEYHU/+1UMEHoaO7qxCOVJOw9GgH72VAWppxNcjU+x9a2k3GSIBXNKxXQFqRvvZ7vr3A==}
    engines: {node: '>=10.0.0'}
    hasBin: true

  multipasta@0.2.1:
    resolution: {integrity: sha512-0NR15o5iewJFMsZ4jN6cztCd4izTLZPyHUfBrakbg/x70B8zplPE6qumbs+A7LmhGtQMzpN/K8MOOdifMgAKFA==}

  node-addon-api@7.1.0:
    resolution: {integrity: sha512-mNcltoe1R8o7STTegSOHdnJNN7s5EUvhoS7ShnTHDyOSd+8H+UdWODq6qSv67PjC8Zc5JRT8+oLAMCr0SIXw7g==}
    engines: {node: ^16 || ^18 || >= 20}

  node-fetch-native@1.6.4:
    resolution: {integrity: sha512-IhOigYzAKHd244OC0JIMIUrjzctirCmPkaIfhDeGcEETWof5zKYUW7e7MYvChGWh/4CJeXEgsRyGzuF334rOOQ==}

  ohash@1.1.3:
    resolution: {integrity: sha512-zuHHiGTYTA1sYJ/wZN+t5HKZaH23i4yI1HMwbuXm24Nid7Dv0KcuRlKoNKS9UNfAVSBlnGLcuQrnOKWOZoEGaw==}

  path-browserify@1.0.1:
    resolution: {integrity: sha512-b7uo2UCUOYZcnF/3ID0lulOJi/bafxa1xPe7ZPsammBSpjSWQkjNxlt635YGS2MiR9GjvuXCtz2emr3jbsz98g==}

  pathe@1.1.2:
    resolution: {integrity: sha512-whLdWMYL2TwI08hn8/ZqAbrVemu0LNaNNJZX73O6qaIdCTfXutsLhMkjdENX0qhsQ9uIimo4/aQOmXkoon2nDQ==}

  picomatch@2.3.1:
    resolution: {integrity: sha512-JU3teHTNjmE2VCGFzuY8EXzCDVwEqB2a8fsIvwaStHhAWJEeVd1o1QD80CU6+ZdEXXSLbSsuLwJjkCBWqRQUVA==}
    engines: {node: '>=8.6'}

  pure-rand@6.1.0:
    resolution: {integrity: sha512-bVWawvoZoBYpp6yIoQtQXHZjmz35RSVHnUOTefl8Vcjr8snTPY1wnpSPMWekcFwbxI6gtmT7rSYPFvz71ldiOA==}

  radix3@1.1.2:
    resolution: {integrity: sha512-b484I/7b8rDEdSDKckSSBA8knMpcdsXudlE/LNL639wFoHKwLbEkQFZHWEYwDC0wa0FKUcCY+GAF73Z7wxNVFA==}

  struct-fakerator@1.2.5:
    resolution: {integrity: sha512-FDQvXXpg62IVv3dHgPgz5y9akUWjZysnk8mudHpmpKBbNrzbx9jaObCVgsu9lU1W9IrVHrRhWl0yjby8Xxxd9g==}

  to-regex-range@5.0.1:
    resolution: {integrity: sha512-65P7iz6X5yEr1cwcgvQxbbIw7Uk3gOy5dIdtZ4rDveLqhrdJP+Li/Hx6tyK0NEb+2GCyneCMJiGqrADCSNk8sQ==}
    engines: {node: '>=8.0'}

  ufo@1.5.3:
    resolution: {integrity: sha512-Y7HYmWaFwPUmkoQCUIAYpKqkOf+SbVj/2fJJZ4RJMCfZp0rTGwRbzQD+HghfnhKOjL9E01okqz+ncJskGYfBNw==}

  uncrypto@0.1.3:
    resolution: {integrity: sha512-Ql87qFHB3s/De2ClA9e0gsnS6zXG27SkTiSJwjCc9MebbfapQfuPzumMIUMi38ezPZVNFcHI9sUIepeQfw8J8Q==}

  undici@6.18.1:
    resolution: {integrity: sha512-/0BWqR8rJNRysS5lqVmfc7eeOErcOP4tZpATVjJOojjHZ71gSYVAtFhEmadcIjwMIUehh5NFyKGsXCnXIajtbA==}
    engines: {node: '>=18.17'}

  unenv@1.9.0:
    resolution: {integrity: sha512-QKnFNznRxmbOF1hDgzpqrlIf6NC5sbZ2OJ+5Wl3OX8uM+LUJXbj4TXvLJCtwbPTmbMHCLIz6JLKNinNsMShK9g==}

  ws@8.17.0:
    resolution: {integrity: sha512-uJq6108EgZMAl20KagGkzCKfMEjxmKvZHG7Tlq0Z6nOky7YF7aq4mOx6xK8TJ/i1LeK4Qus7INktacctDgY8Ow==}
    engines: {node: '>=10.0.0'}
    peerDependencies:
      bufferutil: ^4.0.1
      utf-8-validate: '>=5.0.2'
    peerDependenciesMeta:
      bufferutil:
        optional: true
      utf-8-validate:
        optional: true

  zod@3.23.8:
    resolution: {integrity: sha512-XBx9AXhXktjUqnepgTiE5flcKIYWi/rme0Eaj+5Y0lftuGBq+jyRu/md4WnuxqgP1ubdpNCsYEYPxrzVHD8d6g==}

snapshots:

  '@biomejs/biome@1.7.3':
    optionalDependencies:
      '@biomejs/cli-darwin-arm64': 1.7.3
      '@biomejs/cli-darwin-x64': 1.7.3
      '@biomejs/cli-linux-arm64': 1.7.3
      '@biomejs/cli-linux-arm64-musl': 1.7.3
      '@biomejs/cli-linux-x64': 1.7.3
      '@biomejs/cli-linux-x64-musl': 1.7.3
      '@biomejs/cli-win32-arm64': 1.7.3
      '@biomejs/cli-win32-x64': 1.7.3

  '@biomejs/cli-darwin-arm64@1.7.3':
    optional: true

  '@biomejs/cli-darwin-x64@1.7.3':
    optional: true

  '@biomejs/cli-linux-arm64-musl@1.7.3':
    optional: true

  '@biomejs/cli-linux-arm64@1.7.3':
    optional: true

  '@biomejs/cli-linux-x64-musl@1.7.3':
    optional: true

  '@biomejs/cli-linux-x64@1.7.3':
    optional: true

  '@biomejs/cli-win32-arm64@1.7.3':
    optional: true

  '@biomejs/cli-win32-x64@1.7.3':
    optional: true

  '@effect/platform-node-shared@0.6.1(@effect/platform@0.55.1(@effect/schema@0.67.14(effect@3.2.5))(effect@3.2.5))(effect@3.2.5)':
    dependencies:
      '@effect/platform': 0.55.1(@effect/schema@0.67.14(effect@3.2.5))(effect@3.2.5)
      '@parcel/watcher': 2.4.1
      effect: 3.2.5
      multipasta: 0.2.1

  '@effect/platform-node@0.51.1(@effect/platform@0.55.1(@effect/schema@0.67.14(effect@3.2.5))(effect@3.2.5))(effect@3.2.5)':
    dependencies:
      '@effect/platform': 0.55.1(@effect/schema@0.67.14(effect@3.2.5))(effect@3.2.5)
      '@effect/platform-node-shared': 0.6.1(@effect/platform@0.55.1(@effect/schema@0.67.14(effect@3.2.5))(effect@3.2.5))(effect@3.2.5)
      effect: 3.2.5
      mime: 3.0.0
      undici: 6.18.1
      ws: 8.17.0
    transitivePeerDependencies:
      - bufferutil
      - utf-8-validate

  '@effect/platform@0.55.1(@effect/schema@0.67.14(effect@3.2.5))(effect@3.2.5)':
    dependencies:
      '@effect/schema': 0.67.14(effect@3.2.5)
      effect: 3.2.5
      find-my-way-ts: 0.1.2
      multipasta: 0.2.1
      path-browserify: 1.0.1

  '@effect/schema@0.67.14(effect@3.2.5)':
    dependencies:
      effect: 3.2.5
      fast-check: 3.19.0

  '@faker-js/faker@8.4.1': {}

  '@parcel/watcher-android-arm64@2.4.1':
    optional: true

  '@parcel/watcher-darwin-arm64@2.4.1':
    optional: true

  '@parcel/watcher-darwin-x64@2.4.1':
    optional: true

  '@parcel/watcher-freebsd-x64@2.4.1':
    optional: true

  '@parcel/watcher-linux-arm-glibc@2.4.1':
    optional: true

  '@parcel/watcher-linux-arm64-glibc@2.4.1':
    optional: true

  '@parcel/watcher-linux-arm64-musl@2.4.1':
    optional: true

  '@parcel/watcher-linux-x64-glibc@2.4.1':
    optional: true

  '@parcel/watcher-linux-x64-musl@2.4.1':
    optional: true

  '@parcel/watcher-win32-arm64@2.4.1':
    optional: true

  '@parcel/watcher-win32-ia32@2.4.1':
    optional: true

  '@parcel/watcher-win32-x64@2.4.1':
    optional: true

  '@parcel/watcher@2.4.1':
    dependencies:
      detect-libc: 1.0.3
      is-glob: 4.0.3
      micromatch: 4.0.7
      node-addon-api: 7.1.0
    optionalDependencies:
      '@parcel/watcher-android-arm64': 2.4.1
      '@parcel/watcher-darwin-arm64': 2.4.1
      '@parcel/watcher-darwin-x64': 2.4.1
      '@parcel/watcher-freebsd-x64': 2.4.1
      '@parcel/watcher-linux-arm-glibc': 2.4.1
      '@parcel/watcher-linux-arm64-glibc': 2.4.1
      '@parcel/watcher-linux-arm64-musl': 2.4.1
      '@parcel/watcher-linux-x64-glibc': 2.4.1
      '@parcel/watcher-linux-x64-musl': 2.4.1
      '@parcel/watcher-win32-arm64': 2.4.1
      '@parcel/watcher-win32-ia32': 2.4.1
      '@parcel/watcher-win32-x64': 2.4.1

  braces@3.0.3:
    dependencies:
      fill-range: 7.1.1

  consola@3.2.3: {}

  cookie-es@1.1.0: {}

  crossws@0.2.4: {}

  defu@6.1.4: {}

  destr@2.0.3: {}

  detect-libc@1.0.3: {}

  effect@3.2.5: {}

  fast-check@3.19.0:
    dependencies:
      pure-rand: 6.1.0

  fast-decode-uri-component@1.0.1: {}

  fast-querystring@1.1.2:
    dependencies:
      fast-decode-uri-component: 1.0.1

  fill-range@7.1.1:
    dependencies:
      to-regex-range: 5.0.1

  find-my-way-ts@0.1.2:
    dependencies:
      fast-querystring: 1.1.2

  h3@1.11.1:
    dependencies:
      cookie-es: 1.1.0
      crossws: 0.2.4
      defu: 6.1.4
      destr: 2.0.3
      iron-webcrypto: 1.2.1
      ohash: 1.1.3
      radix3: 1.1.2
      ufo: 1.5.3
      uncrypto: 0.1.3
      unenv: 1.9.0
    transitivePeerDependencies:
      - uWebSockets.js

  iron-webcrypto@1.2.1: {}

  is-extglob@2.1.1: {}

  is-glob@4.0.3:
    dependencies:
      is-extglob: 2.1.1

  is-number@7.0.0: {}

  micromatch@4.0.7:
    dependencies:
      braces: 3.0.3
      picomatch: 2.3.1

  mime@3.0.0: {}

  multipasta@0.2.1: {}

  node-addon-api@7.1.0: {}

  node-fetch-native@1.6.4: {}

  ohash@1.1.3: {}

  path-browserify@1.0.1: {}

  pathe@1.1.2: {}

  picomatch@2.3.1: {}

  pure-rand@6.1.0: {}

  radix3@1.1.2: {}

  struct-fakerator@1.2.5:
    dependencies:
      zod: 3.23.8

  to-regex-range@5.0.1:
    dependencies:
      is-number: 7.0.0

  ufo@1.5.3: {}

  uncrypto@0.1.3: {}

  undici@6.18.1: {}

  unenv@1.9.0:
    dependencies:
      consola: 3.2.3
      defu: 6.1.4
      mime: 3.0.0
      node-fetch-native: 1.6.4
      pathe: 1.1.2

  ws@8.17.0: {}

  zod@3.23.8: {}
